
Microsoft Visual Studio Solution File, Format Version 12.00
# Visual Studio Version 16
VisualStudioVersion = 16.0.31624.102
MinimumVisualStudioVersion = 10.0.40219.1
Project("{FAE04EC0-301F-11D3-BF4B-00C04F79EFBC}") = "Backup", "Backup.WindowsFormsApp\Backup.csproj", "{34C5ECB6-6A32-47B3-AD41-A63C1B5DDDB3}"
EndProject
Global
	GlobalSection(SolutionConfigurationPlatforms) = preSolution
		Debug|Any CPU = Debug|Any CPU
		Release|Any CPU = Release|Any CPU
	EndGlobalSection
	GlobalSection(ProjectConfigurationPlatforms) = postSolution
		{34C5ECB6-6A32-47B3-AD41-A63C1B5DDDB3}.Debug|Any CPU.ActiveCfg = Debug|Any CPU
		{34C5ECB6-6A32-47B3-AD41-A63C1B5DDDB3}.Debug|Any CPU.Build.0 = Debug|Any CPU
		{34C5ECB6-6A32-47B3-AD41-A63C1B5DDDB3}.Release|Any CPU.ActiveCfg = Release|Any CPU
		{34C5ECB6-6A32-47B3-AD41-A63C1B5DDDB3}.Release|Any CPU.Build.0 = Release|Any CPU
	EndGlobalSection
	GlobalSection(SolutionProperties) = preSolution
		HideSolutionNode = FALSE
	EndGlobalSection
	GlobalSection(ExtensibilityGlobals) = postSolution
		SolutionGuid = {847A47F8-628A-49A7-A0F5-3DBD13DC36AF}
	EndGlobalSection
EndGlobal
